
Microsoft Visual Studio Solution File, Format Version 12.00
Project("{FAE04EC0-301F-11D3-BF4B-00C04F79EFBC}") = "VASPSuite.EtherGate", "src\VASPSuite.EtherGate\VASPSuite.EtherGate.csproj", "{7A2BE9B7-ABA6-47A6-9264-B7714128BFAC}"
EndProject
Project("{FAE04EC0-301F-11D3-BF4B-00C04F79EFBC}") = "VASPSuite.EtherGate.Abstractions", "src\VASPSuite.EtherGate.Abstractions\VASPSuite.EtherGate.Abstractions.csproj", "{5E5F60F7-47F3-4866-B751-6AC66D96B039}"
EndProject
Project("{2150E333-8FDC-42A3-9474-1A3956D46DE8}") = "src", "src", "{D99F6BE0-059A-4A7E-8582-5BA464AC9A7D}"
EndProject
Project("{2150E333-8FDC-42A3-9474-1A3956D46DE8}") = "features", "features", "{0A9D242B-46FD-4505-BF00-40FE65D14E00}"
EndProject
Project("{FAE04EC0-301F-11D3-BF4B-00C04F79EFBC}") = "VASPSuite.EtherGate.Features", "features\VASPSuite.EtherGate.Features\VASPSuite.EtherGate.Features.csproj", "{2FE4B91F-9320-4BC8-90A9-BD33C57E9DDE}"
EndProject
Project("{2150E333-8FDC-42A3-9474-1A3956D46DE8}") = "tests", "tests", "{AFEE8F9A-D17B-42C8-9A20-AF964CDA9604}"
EndProject
Project("{FAE04EC0-301F-11D3-BF4B-00C04F79EFBC}") = "VASPSuite.EtherGate.Tests", "tests\VASPSuite.EtherGate.Tests\VASPSuite.EtherGate.Tests.csproj", "{A0024C5A-6CDE-41DB-B6EF-AC9FCB29FA5E}"
EndProject
Project("{FAE04EC0-301F-11D3-BF4B-00C04F79EFBC}") = "VASPSuite.EtherGate.Autofac", "src\VASPSuite.EtherGate.Autofac\VASPSuite.EtherGate.Autofac.csproj", "{105ED5E9-0CCB-44C2-AEDA-68DB0A9F760E}"
EndProject
Global
	GlobalSection(SolutionConfigurationPlatforms) = preSolution
		Debug|Any CPU = Debug|Any CPU
		Release|Any CPU = Release|Any CPU
	EndGlobalSection
	GlobalSection(ProjectConfigurationPlatforms) = postSolution
		{7A2BE9B7-ABA6-47A6-9264-B7714128BFAC}.Debug|Any CPU.ActiveCfg = Debug|Any CPU
		{7A2BE9B7-ABA6-47A6-9264-B7714128BFAC}.Debug|Any CPU.Build.0 = Debug|Any CPU
		{7A2BE9B7-ABA6-47A6-9264-B7714128BFAC}.Release|Any CPU.ActiveCfg = Release|Any CPU
		{7A2BE9B7-ABA6-47A6-9264-B7714128BFAC}.Release|Any CPU.Build.0 = Release|Any CPU
		{5E5F60F7-47F3-4866-B751-6AC66D96B039}.Debug|Any CPU.ActiveCfg = Debug|Any CPU
		{5E5F60F7-47F3-4866-B751-6AC66D96B039}.Debug|Any CPU.Build.0 = Debug|Any CPU
		{5E5F60F7-47F3-4866-B751-6AC66D96B039}.Release|Any CPU.ActiveCfg = Release|Any CPU
		{5E5F60F7-47F3-4866-B751-6AC66D96B039}.Release|Any CPU.Build.0 = Release|Any CPU
		{2FE4B91F-9320-4BC8-90A9-BD33C57E9DDE}.Debug|Any CPU.ActiveCfg = Debug|Any CPU
		{2FE4B91F-9320-4BC8-90A9-BD33C57E9DDE}.Debug|Any CPU.Build.0 = Debug|Any CPU
		{2FE4B91F-9320-4BC8-90A9-BD33C57E9DDE}.Release|Any CPU.ActiveCfg = Release|Any CPU
		{2FE4B91F-9320-4BC8-90A9-BD33C57E9DDE}.Release|Any CPU.Build.0 = Release|Any CPU
		{A0024C5A-6CDE-41DB-B6EF-AC9FCB29FA5E}.Debug|Any CPU.ActiveCfg = Debug|Any CPU
		{A0024C5A-6CDE-41DB-B6EF-AC9FCB29FA5E}.Debug|Any CPU.Build.0 = Debug|Any CPU
		{A0024C5A-6CDE-41DB-B6EF-AC9FCB29FA5E}.Release|Any CPU.ActiveCfg = Release|Any CPU
		{A0024C5A-6CDE-41DB-B6EF-AC9FCB29FA5E}.Release|Any CPU.Build.0 = Release|Any CPU
		{105ED5E9-0CCB-44C2-AEDA-68DB0A9F760E}.Debug|Any CPU.ActiveCfg = Debug|Any CPU
		{105ED5E9-0CCB-44C2-AEDA-68DB0A9F760E}.Debug|Any CPU.Build.0 = Debug|Any CPU
		{105ED5E9-0CCB-44C2-AEDA-68DB0A9F760E}.Release|Any CPU.ActiveCfg = Release|Any CPU
		{105ED5E9-0CCB-44C2-AEDA-68DB0A9F760E}.Release|Any CPU.Build.0 = Release|Any CPU
	EndGlobalSection
	GlobalSection(NestedProjects) = preSolution
		{7A2BE9B7-ABA6-47A6-9264-B7714128BFAC} = {D99F6BE0-059A-4A7E-8582-5BA464AC9A7D}
		{5E5F60F7-47F3-4866-B751-6AC66D96B039} = {D99F6BE0-059A-4A7E-8582-5BA464AC9A7D}
		{2FE4B91F-9320-4BC8-90A9-BD33C57E9DDE} = {0A9D242B-46FD-4505-BF00-40FE65D14E00}
		{A0024C5A-6CDE-41DB-B6EF-AC9FCB29FA5E} = {AFEE8F9A-D17B-42C8-9A20-AF964CDA9604}
		{105ED5E9-0CCB-44C2-AEDA-68DB0A9F760E} = {D99F6BE0-059A-4A7E-8582-5BA464AC9A7D}
	EndGlobalSection
EndGlobal
